
Microsoft Visual Studio Solution File, Format Version 12.00
# Visual Studio Version 17
VisualStudioVersion = 17.4.33213.308
MinimumVisualStudioVersion = 10.0.40219.1
Project("{FAE04EC0-301F-11D3-BF4B-00C04F79EFBC}") = "Capstone_Group2", "Capstone_Group2\Capstone_Group2.csproj", "{590238FC-63E7-4139-96B0-DE61A5611811}"
EndProject
Global
	GlobalSection(SolutionConfigurationPlatforms) = preSolution
		Debug|Any CPU = Debug|Any CPU
		Release|Any CPU = Release|Any CPU
	EndGlobalSection
	GlobalSection(ProjectConfigurationPlatforms) = postSolution
		{590238FC-63E7-4139-96B0-DE61A5611811}.Debug|Any CPU.ActiveCfg = Debug|Any CPU
		{590238FC-63E7-4139-96B0-DE61A5611811}.Debug|Any CPU.Build.0 = Debug|Any CPU
		{590238FC-63E7-4139-96B0-DE61A5611811}.Release|Any CPU.ActiveCfg = Release|Any CPU
		{590238FC-63E7-4139-96B0-DE61A5611811}.Release|Any CPU.Build.0 = Release|Any CPU
	EndGlobalSection
	GlobalSection(SolutionProperties) = preSolution
		HideSolutionNode = FALSE
	EndGlobalSection
	GlobalSection(ExtensibilityGlobals) = postSolution
		SolutionGuid = {363310A1-F26A-48D6-A499-DB4B93B4C796}
	EndGlobalSection
EndGlobal
